
Microsoft Visual Studio Solution File, Format Version 12.00
# Visual Studio Version 17
VisualStudioVersion = 17.6.33829.357
MinimumVisualStudioVersion = 10.0.40219.1
Project("{FAE04EC0-301F-11D3-BF4B-00C04F79EFBC}") = "LabNet2023.HelloWorld", "LabNet2023.HelloWorld.csproj", "{9F4B77C9-950F-4531-A5D9-F6119461F258}"
EndProject
Global
	GlobalSection(SolutionConfigurationPlatforms) = preSolution
		Debug|Any CPU = Debug|Any CPU
		Release|Any CPU = Release|Any CPU
	EndGlobalSection
	GlobalSection(ProjectConfigurationPlatforms) = postSolution
		{9F4B77C9-950F-4531-A5D9-F6119461F258}.Debug|Any CPU.ActiveCfg = Debug|Any CPU
		{9F4B77C9-950F-4531-A5D9-F6119461F258}.Debug|Any CPU.Build.0 = Debug|Any CPU
		{9F4B77C9-950F-4531-A5D9-F6119461F258}.Release|Any CPU.ActiveCfg = Release|Any CPU
		{9F4B77C9-950F-4531-A5D9-F6119461F258}.Release|Any CPU.Build.0 = Release|Any CPU
	EndGlobalSection
	GlobalSection(SolutionProperties) = preSolution
		HideSolutionNode = FALSE
	EndGlobalSection
	GlobalSection(ExtensibilityGlobals) = postSolution
		SolutionGuid = {9E323B77-0594-40D6-805F-45F462ED3498}
	EndGlobalSection
EndGlobal
