
Microsoft Visual Studio Solution File, Format Version 12.00
# Visual Studio Version 17
VisualStudioVersion = 17.6.33829.357
MinimumVisualStudioVersion = 10.0.40219.1
Project("{FAE04EC0-301F-11D3-BF4B-00C04F79EFBC}") = "Lab.Tp4.UI", "Lab.Tp4.UI\Lab.Tp4.UI.csproj", "{617897C3-B59D-42D8-BAB1-24EDE96EB5D4}"
EndProject
Project("{FAE04EC0-301F-11D3-BF4B-00C04F79EFBC}") = "Lab.Tp4.Data", "Lab.Tp4.Data\Lab.Tp4.Data.csproj", "{860E3553-E2DA-4682-84F4-CF5730084B52}"
EndProject
Project("{FAE04EC0-301F-11D3-BF4B-00C04F79EFBC}") = "Lab.Tp4.Entities", "Lab.Tp4.Entities\Lab.Tp4.Entities.csproj", "{B751AAA4-56B2-4403-9E6A-60086FC5AC4C}"
EndProject
Project("{FAE04EC0-301F-11D3-BF4B-00C04F79EFBC}") = "Lab.Tp4.Logic", "Lab.Tp4.Logic\Lab.Tp4.Logic.csproj", "{34FDBCC6-472F-4EF9-B5A0-63AF5B02236C}"
EndProject
Global
	GlobalSection(SolutionConfigurationPlatforms) = preSolution
		Debug|Any CPU = Debug|Any CPU
		Release|Any CPU = Release|Any CPU
	EndGlobalSection
	GlobalSection(ProjectConfigurationPlatforms) = postSolution
		{617897C3-B59D-42D8-BAB1-24EDE96EB5D4}.Debug|Any CPU.ActiveCfg = Debug|Any CPU
		{617897C3-B59D-42D8-BAB1-24EDE96EB5D4}.Debug|Any CPU.Build.0 = Debug|Any CPU
		{617897C3-B59D-42D8-BAB1-24EDE96EB5D4}.Release|Any CPU.ActiveCfg = Release|Any CPU
		{617897C3-B59D-42D8-BAB1-24EDE96EB5D4}.Release|Any CPU.Build.0 = Release|Any CPU
		{860E3553-E2DA-4682-84F4-CF5730084B52}.Debug|Any CPU.ActiveCfg = Debug|Any CPU
		{860E3553-E2DA-4682-84F4-CF5730084B52}.Debug|Any CPU.Build.0 = Debug|Any CPU
		{860E3553-E2DA-4682-84F4-CF5730084B52}.Release|Any CPU.ActiveCfg = Release|Any CPU
		{860E3553-E2DA-4682-84F4-CF5730084B52}.Release|Any CPU.Build.0 = Release|Any CPU
		{B751AAA4-56B2-4403-9E6A-60086FC5AC4C}.Debug|Any CPU.ActiveCfg = Debug|Any CPU
		{B751AAA4-56B2-4403-9E6A-60086FC5AC4C}.Debug|Any CPU.Build.0 = Debug|Any CPU
		{B751AAA4-56B2-4403-9E6A-60086FC5AC4C}.Release|Any CPU.ActiveCfg = Release|Any CPU
		{B751AAA4-56B2-4403-9E6A-60086FC5AC4C}.Release|Any CPU.Build.0 = Release|Any CPU
		{34FDBCC6-472F-4EF9-B5A0-63AF5B02236C}.Debug|Any CPU.ActiveCfg = Debug|Any CPU
		{34FDBCC6-472F-4EF9-B5A0-63AF5B02236C}.Debug|Any CPU.Build.0 = Debug|Any CPU
		{34FDBCC6-472F-4EF9-B5A0-63AF5B02236C}.Release|Any CPU.ActiveCfg = Release|Any CPU
		{34FDBCC6-472F-4EF9-B5A0-63AF5B02236C}.Release|Any CPU.Build.0 = Release|Any CPU
	EndGlobalSection
	GlobalSection(SolutionProperties) = preSolution
		HideSolutionNode = FALSE
	EndGlobalSection
	GlobalSection(ExtensibilityGlobals) = postSolution
		SolutionGuid = {B09AB7E4-B5D7-4E99-8A74-3DC497693AEE}
	EndGlobalSection
EndGlobal
