
Microsoft Visual Studio Solution File, Format Version 12.00
# Visual Studio Version 17
VisualStudioVersion = 17.6.33829.357
MinimumVisualStudioVersion = 10.0.40219.1
Project("{FAE04EC0-301F-11D3-BF4B-00C04F79EFBC}") = "Lab.Net.Linq", "Lab.Net.Linq\Lab.Net.Linq.csproj", "{9C62F885-B997-4B6E-A504-646AC5532800}"
EndProject
Global
	GlobalSection(SolutionConfigurationPlatforms) = preSolution
		Debug|Any CPU = Debug|Any CPU
		Release|Any CPU = Release|Any CPU
	EndGlobalSection
	GlobalSection(ProjectConfigurationPlatforms) = postSolution
		{9C62F885-B997-4B6E-A504-646AC5532800}.Debug|Any CPU.ActiveCfg = Debug|Any CPU
		{9C62F885-B997-4B6E-A504-646AC5532800}.Debug|Any CPU.Build.0 = Debug|Any CPU
		{9C62F885-B997-4B6E-A504-646AC5532800}.Release|Any CPU.ActiveCfg = Release|Any CPU
		{9C62F885-B997-4B6E-A504-646AC5532800}.Release|Any CPU.Build.0 = Release|Any CPU
	EndGlobalSection
	GlobalSection(SolutionProperties) = preSolution
		HideSolutionNode = FALSE
	EndGlobalSection
	GlobalSection(ExtensibilityGlobals) = postSolution
		SolutionGuid = {0CE14430-6437-4BFC-8189-AE2FF6973A72}
	EndGlobalSection
EndGlobal
